<?xml version="1.0" encoding="utf-8"?>
<Project ToolsVersion="16.0" xmlns="http://schemas.microsoft.com/developer/msbuild/2003">
  <ItemGroup>
    <CustomBuild Include="C:\Users\briss\Downloads\glm-0.9.9.8\glm\CMakeFiles\ef75eea4439745b0f84c7705064594da\RUN_TESTS_force.rule">
      <Filter>CMake Rules</Filter>
    </CustomBuild>
  </ItemGroup>
  <ItemGroup>
    <Filter Include="CMake Rules">
      <UniqueIdentifier>{BDC69E00-6326-37D7-B963-2A51678BAE32}</UniqueIdentifier>
    </Filter>
  </ItemGroup>
</Project>
